
Microsoft Visual Studio Solution File, Format Version 12.00
# Visual Studio Version 16
VisualStudioVersion = 16.0.29806.167
MinimumVisualStudioVersion = 15.0.26124.0
Project("{2150E333-8FDC-42A3-9474-1A3956D46DE8}") = "SameGame", "SameGame", "{FF6847DD-501B-4744-9BD9-977619F437E3}"
	ProjectSection(SolutionItems) = preProject
		Readme.md = Readme.md
	EndProjectSection
EndProject
Project("{2150E333-8FDC-42A3-9474-1A3956D46DE8}") = "src", "src", "{E44B4790-362F-4363-BC7B-27F11801F169}"
EndProject
Project("{9A19103F-16F7-4668-BE54-9A1E7A4F7556}") = "SameGame", "src\SameGame\SameGame.csproj", "{1143865B-51E6-4B78-8E1B-168A4716BC0E}"
EndProject
Global
	GlobalSection(SolutionConfigurationPlatforms) = preSolution
		Debug|Any CPU = Debug|Any CPU
		Debug|x64 = Debug|x64
		Debug|x86 = Debug|x86
		Release|Any CPU = Release|Any CPU
		Release|x64 = Release|x64
		Release|x86 = Release|x86
	EndGlobalSection
	GlobalSection(ProjectConfigurationPlatforms) = postSolution
		{1143865B-51E6-4B78-8E1B-168A4716BC0E}.Debug|Any CPU.ActiveCfg = Debug|Any CPU
		{1143865B-51E6-4B78-8E1B-168A4716BC0E}.Debug|Any CPU.Build.0 = Debug|Any CPU
		{1143865B-51E6-4B78-8E1B-168A4716BC0E}.Debug|x64.ActiveCfg = Debug|Any CPU
		{1143865B-51E6-4B78-8E1B-168A4716BC0E}.Debug|x64.Build.0 = Debug|Any CPU
		{1143865B-51E6-4B78-8E1B-168A4716BC0E}.Debug|x86.ActiveCfg = Debug|Any CPU
		{1143865B-51E6-4B78-8E1B-168A4716BC0E}.Debug|x86.Build.0 = Debug|Any CPU
		{1143865B-51E6-4B78-8E1B-168A4716BC0E}.Release|Any CPU.ActiveCfg = Release|Any CPU
		{1143865B-51E6-4B78-8E1B-168A4716BC0E}.Release|Any CPU.Build.0 = Release|Any CPU
		{1143865B-51E6-4B78-8E1B-168A4716BC0E}.Release|x64.ActiveCfg = Release|Any CPU
		{1143865B-51E6-4B78-8E1B-168A4716BC0E}.Release|x64.Build.0 = Release|Any CPU
		{1143865B-51E6-4B78-8E1B-168A4716BC0E}.Release|x86.ActiveCfg = Release|Any CPU
		{1143865B-51E6-4B78-8E1B-168A4716BC0E}.Release|x86.Build.0 = Release|Any CPU
	EndGlobalSection
	GlobalSection(SolutionProperties) = preSolution
		HideSolutionNode = FALSE
	EndGlobalSection
	GlobalSection(NestedProjects) = preSolution
		{E44B4790-362F-4363-BC7B-27F11801F169} = {FF6847DD-501B-4744-9BD9-977619F437E3}
		{1143865B-51E6-4B78-8E1B-168A4716BC0E} = {E44B4790-362F-4363-BC7B-27F11801F169}
	EndGlobalSection
	GlobalSection(ExtensibilityGlobals) = postSolution
		SolutionGuid = {25C1E79E-07D5-4E0A-95B8-CB155B4EFCF6}
	EndGlobalSection
EndGlobal
